
Microsoft Visual Studio Solution File, Format Version 12.00
# Visual Studio Version 16
VisualStudioVersion = 16.0.31624.102
MinimumVisualStudioVersion = 10.0.40219.1
Project("{FAE04EC0-301F-11D3-BF4B-00C04F79EFBC}") = "Efret-TransportManagementSystem", "..\Coords2Map\Coords2Map\Efret-TransportManagementSystem.csproj", "{78A2B362-E5A3-48BF-8CA1-1D939931D356}"
EndProject
Global
	GlobalSection(SolutionConfigurationPlatforms) = preSolution
		Debug|x86 = Debug|x86
		Release|x86 = Release|x86
	EndGlobalSection
	GlobalSection(ProjectConfigurationPlatforms) = postSolution
		{78A2B362-E5A3-48BF-8CA1-1D939931D356}.Debug|x86.ActiveCfg = Debug|x86
		{78A2B362-E5A3-48BF-8CA1-1D939931D356}.Debug|x86.Build.0 = Debug|x86
		{78A2B362-E5A3-48BF-8CA1-1D939931D356}.Release|x86.ActiveCfg = Release|x86
		{78A2B362-E5A3-48BF-8CA1-1D939931D356}.Release|x86.Build.0 = Release|x86
	EndGlobalSection
	GlobalSection(SolutionProperties) = preSolution
		HideSolutionNode = FALSE
	EndGlobalSection
	GlobalSection(ExtensibilityGlobals) = postSolution
		SolutionGuid = {9EB9B605-2ADD-44C3-BDC1-21048D97A159}
	EndGlobalSection
EndGlobal
